
Microsoft Visual Studio Solution File, Format Version 12.00
# Visual Studio Version 17
VisualStudioVersion = 17.14.36518.9 d17.14
MinimumVisualStudioVersion = 10.0.40219.1
Project("{FAE04EC0-301F-11D3-BF4B-00C04F79EFBC}") = "KeywordWarrior", "KeywordWarrior.csproj", "{C8CF6400-C3A5-4A0E-BD9E-EAED2CA0DDAF}"
EndProject
Global
	GlobalSection(SolutionConfigurationPlatforms) = preSolution
		Debug|Any CPU = Debug|Any CPU
		Release|Any CPU = Release|Any CPU
	EndGlobalSection
	GlobalSection(ProjectConfigurationPlatforms) = postSolution
		{C8CF6400-C3A5-4A0E-BD9E-EAED2CA0DDAF}.Debug|Any CPU.ActiveCfg = Debug|Any CPU
		{C8CF6400-C3A5-4A0E-BD9E-EAED2CA0DDAF}.Debug|Any CPU.Build.0 = Debug|Any CPU
		{C8CF6400-C3A5-4A0E-BD9E-EAED2CA0DDAF}.Release|Any CPU.ActiveCfg = Release|Any CPU
		{C8CF6400-C3A5-4A0E-BD9E-EAED2CA0DDAF}.Release|Any CPU.Build.0 = Release|Any CPU
	EndGlobalSection
	GlobalSection(SolutionProperties) = preSolution
		HideSolutionNode = FALSE
	EndGlobalSection
	GlobalSection(ExtensibilityGlobals) = postSolution
		SolutionGuid = {49519D00-A551-4D78-82C5-6B415B8FAD47}
	EndGlobalSection
EndGlobal
